
Microsoft Visual Studio Solution File, Format Version 12.00
# Visual Studio Version 16
VisualStudioVersion = 16.0.29613.14
MinimumVisualStudioVersion = 10.0.40219.1
Project("{FAE04EC0-301F-11D3-BF4B-00C04F79EFBC}") = "MelodyConsoleClient", "MelodyDebugClient\MelodyConsoleClient.csproj", "{C935954C-DDFF-4D4B-9A34-33B1497C7206}"
EndProject
Global
	GlobalSection(SolutionConfigurationPlatforms) = preSolution
		Debug|Any CPU = Debug|Any CPU
		Release|Any CPU = Release|Any CPU
	EndGlobalSection
	GlobalSection(ProjectConfigurationPlatforms) = postSolution
		{C935954C-DDFF-4D4B-9A34-33B1497C7206}.Debug|Any CPU.ActiveCfg = Debug|Any CPU
		{C935954C-DDFF-4D4B-9A34-33B1497C7206}.Debug|Any CPU.Build.0 = Debug|Any CPU
		{C935954C-DDFF-4D4B-9A34-33B1497C7206}.Release|Any CPU.ActiveCfg = Release|Any CPU
		{C935954C-DDFF-4D4B-9A34-33B1497C7206}.Release|Any CPU.Build.0 = Release|Any CPU
	EndGlobalSection
	GlobalSection(SolutionProperties) = preSolution
		HideSolutionNode = FALSE
	EndGlobalSection
	GlobalSection(ExtensibilityGlobals) = postSolution
		SolutionGuid = {6A340BFE-D2C1-41E6-B40C-5CE345A42EA5}
	EndGlobalSection
EndGlobal
